
Microsoft Visual Studio Solution File, Format Version 12.00
# Visual Studio Version 17
VisualStudioVersion = 17.14.36109.1 d17.14
MinimumVisualStudioVersion = 10.0.40219.1
Project("{FAE04EC0-301F-11D3-BF4B-00C04F79EFBC}") = "ThreadSafeDS", "ThreadSafeDS\ThreadSafeDS.csproj", "{590073D1-462A-4198-AD52-65DC7A805148}"
EndProject
Global
	GlobalSection(SolutionConfigurationPlatforms) = preSolution
		Debug|Any CPU = Debug|Any CPU
		Release|Any CPU = Release|Any CPU
	EndGlobalSection
	GlobalSection(ProjectConfigurationPlatforms) = postSolution
		{590073D1-462A-4198-AD52-65DC7A805148}.Debug|Any CPU.ActiveCfg = Debug|Any CPU
		{590073D1-462A-4198-AD52-65DC7A805148}.Debug|Any CPU.Build.0 = Debug|Any CPU
		{590073D1-462A-4198-AD52-65DC7A805148}.Release|Any CPU.ActiveCfg = Release|Any CPU
		{590073D1-462A-4198-AD52-65DC7A805148}.Release|Any CPU.Build.0 = Release|Any CPU
	EndGlobalSection
	GlobalSection(SolutionProperties) = preSolution
		HideSolutionNode = FALSE
	EndGlobalSection
	GlobalSection(ExtensibilityGlobals) = postSolution
		SolutionGuid = {E413E5AB-18C2-40B4-9B3D-A01AA275FC3A}
	EndGlobalSection
EndGlobal
